// !$*UTF8*$!
{
	archiveVersion = 1;
	classes = {
	};
	objectVersion = 55;
	objects = {

/* Begin PBXBuildFile section */
		3D371E8E2A52AE2E006D7851 /* ViewController2.swift in Sources */ = {isa = PBXBuildFile; fileRef = 3D371E8D2A52AE2E006D7851 /* ViewController2.swift */; };
		3D371E902A52B3B1006D7851 /* HomeViewController.swift in Sources */ = {isa = PBXBuildFile; fileRef = 3D371E8F2A52B3B1006D7851 /* HomeViewController.swift */; };
		3D4373FA2A5294FE00C1B2A4 /* AppDelegate.swift in Sources */ = {isa = PBXBuildFile; fileRef = 3D4373F92A5294FE00C1B2A4 /* AppDelegate.swift */; };
		3D4373FC2A5294FE00C1B2A4 /* SceneDelegate.swift in Sources */ = {isa = PBXBuildFile; fileRef = 3D4373FB2A5294FE00C1B2A4 /* SceneDelegate.swift */; };
		3D4373FE2A5294FE00C1B2A4 /* ViewController.swift in Sources */ = {isa = PBXBuildFile; fileRef = 3D4373FD2A5294FE00C1B2A4 /* ViewController.swift */; };
		3D4374012A5294FE00C1B2A4 /* Main.storyboard in Resources */ = {isa = PBXBuildFile; fileRef = 3D4373FF2A5294FE00C1B2A4 /* Main.storyboard */; };
		3D4374032A5294FE00C1B2A4 /* Assets.xcassets in Resources */ = {isa = PBXBuildFile; fileRef = 3D4374022A5294FE00C1B2A4 /* Assets.xcassets */; };
		3D4374062A5294FE00C1B2A4 /* LaunchScreen.storyboard in Resources */ = {isa = PBXBuildFile; fileRef = 3D4374042A5294FE00C1B2A4 /* LaunchScreen.storyboard */; };
		3D4374112A5294FE00C1B2A4 /* Wohhup2023Tests.swift in Sources */ = {isa = PBXBuildFile; fileRef = 3D4374102A5294FE00C1B2A4 /* Wohhup2023Tests.swift */; };
		3D43741B2A5294FE00C1B2A4 /* Wohhup2023UITests.swift in Sources */ = {isa = PBXBuildFile; fileRef = 3D43741A2A5294FE00C1B2A4 /* Wohhup2023UITests.swift */; };
		3D43741D2A5294FE00C1B2A4 /* Wohhup2023UITestsLaunchTests.swift in Sources */ = {isa = PBXBuildFile; fileRef = 3D43741C2A5294FE00C1B2A4 /* Wohhup2023UITestsLaunchTests.swift */; };
/* End PBXBuildFile section */

/* Begin PBXContainerItemProxy section */
		3D43740D2A5294FE00C1B2A4 /* PBXContainerItemProxy */ = {
			isa = PBXContainerItemProxy;
			containerPortal = 3D4373EE2A5294FE00C1B2A4 /* Project object */;
			proxyType = 1;
			remoteGlobalIDString = 3D4373F52A5294FE00C1B2A4;
			remoteInfo = Wohhup2023;
		};
		3D4374172A5294FE00C1B2A4 /* PBXContainerItemProxy */ = {
			isa = PBXContainerItemProxy;
			containerPortal = 3D4373EE2A5294FE00C1B2A4 /* Project object */;
			proxyType = 1;
			remoteGlobalIDString = 3D4373F52A5294FE00C1B2A4;
			remoteInfo = Wohhup2023;
		};
/* End PBXContainerItemProxy section */

/* Begin PBXFileReference section */
		3D371E8D2A52AE2E006D7851 /* ViewController2.swift */ = {isa = PBXFileReference; lastKnownFileType = sourcecode.swift; path = ViewController2.swift; sourceTree = "<group>"; };
		3D371E8F2A52B3B1006D7851 /* HomeViewController.swift */ = {isa = PBXFileReference; lastKnownFileType = sourcecode.swift; path = HomeViewController.swift; sourceTree = "<group>"; };
		3D4373F62A5294FE00C1B2A4 /* Wohhup2023.app */ = {isa = PBXFileReference; explicitFileType = wrapper.application; includeInIndex = 0; path = Wohhup2023.app; sourceTree = BUILT_PRODUCTS_DIR; };
		3D4373F92A5294FE00C1B2A4 /* AppDelegate.swift */ = {isa = PBXFileReference; lastKnownFileType = sourcecode.swift; path = AppDelegate.swift; sourceTree = "<group>"; };
		3D4373FB2A5294FE00C1B2A4 /* SceneDelegate.swift */ = {isa = PBXFileReference; lastKnownFileType = sourcecode.swift; path = SceneDelegate.swift; sourceTree = "<group>"; };
		3D4373FD2A5294FE00C1B2A4 /* ViewController.swift */ = {isa = PBXFileReference; lastKnownFileType = sourcecode.swift; path = ViewController.swift; sourceTree = "<group>"; };
		3D4374002A5294FE00C1B2A4 /* Base */ = {isa = PBXFileReference; lastKnownFileType = file.storyboard; name = Base; path = Base.lproj/Main.storyboard; sourceTree = "<group>"; };
		3D4374022A5294FE00C1B2A4 /* Assets.xcassets */ = {isa = PBXFileReference; lastKnownFileType = folder.assetcatalog; path = Assets.xcassets; sourceTree = "<group>"; };
		3D4374052A5294FE00C1B2A4 /* Base */ = {isa = PBXFileReference; lastKnownFileType = file.storyboard; name = Base; path = Base.lproj/LaunchScreen.storyboard; sourceTree = "<group>"; };
		3D4374072A5294FE00C1B2A4 /* Info.plist */ = {isa = PBXFileReference; lastKnownFileType = text.plist.xml; path = Info.plist; sourceTree = "<group>"; };
		3D43740C2A5294FE00C1B2A4 /* Wohhup2023Tests.xctest */ = {isa = PBXFileReference; explicitFileType = wrapper.cfbundle; includeInIndex = 0; path = Wohhup2023Tests.xctest; sourceTree = BUILT_PRODUCTS_DIR; };
		3D4374102A5294FE00C1B2A4 /* Wohhup2023Tests.swift */ = {isa = PBXFileReference; lastKnownFileType = sourcecode.swift; path = Wohhup2023Tests.swift; sourceTree = "<group>"; };
		3D4374162A5294FE00C1B2A4 /* Wohhup2023UITests.xctest */ = {isa = PBXFileReference; explicitFileType = wrapper.cfbundle; includeInIndex = 0; path = Wohhup2023UITests.xctest; sourceTree = BUILT_PRODUCTS_DIR; };
		3D43741A2A5294FE00C1B2A4 /* Wohhup2023UITests.swift */ = {isa = PBXFileReference; lastKnownFileType = sourcecode.swift; path = Wohhup2023UITests.swift; sourceTree = "<group>"; };
		3D43741C2A5294FE00C1B2A4 /* Wohhup2023UITestsLaunchTests.swift */ = {isa = PBXFileReference; lastKnownFileType = sourcecode.swift; path = Wohhup2023UITestsLaunchTests.swift; sourceTree = "<group>"; };
/* End PBXFileReference section */

/* Begin PBXFrameworksBuildPhase section */
		3D4373F32A5294FE00C1B2A4 /* Frameworks */ = {
			isa = PBXFrameworksBuildPhase;
			buildActionMask = 2147483647;
			files = (
			);
			runOnlyForDeploymentPostprocessing = 0;
		};
		3D4374092A5294FE00C1B2A4 /* Frameworks */ = {
			isa = PBXFrameworksBuildPhase;
			buildActionMask = 2147483647;
			files = (
			);
			runOnlyForDeploymentPostprocessing = 0;
		};
		3D4374132A5294FE00C1B2A4 /* Frameworks */ = {
			isa = PBXFrameworksBuildPhase;
			buildActionMask = 2147483647;
			files = (
			);
			runOnlyForDeploymentPostprocessing = 0;
		};
/* End PBXFrameworksBuildPhase section */

/* Begin PBXGroup section */
		3D4373ED2A5294FE00C1B2A4 = {
			isa = PBXGroup;
			children = (
				3D4373F82A5294FE00C1B2A4 /* Wohhup2023 */,
				3D43740F2A5294FE00C1B2A4 /* Wohhup2023Tests */,
				3D4374192A5294FE00C1B2A4 /* Wohhup2023UITests */,
				3D4373F72A5294FE00C1B2A4 /* Products */,
			);
			sourceTree = "<group>";
		};
		3D4373F72A5294FE00C1B2A4 /* Products */ = {
			isa = PBXGroup;
			children = (
				3D4373F62A5294FE00C1B2A4 /* Wohhup2023.app */,
				3D43740C2A5294FE00C1B2A4 /* Wohhup2023Tests.xctest */,
				3D4374162A5294FE00C1B2A4 /* Wohhup2023UITests.xctest */,
			);
			name = Products;
			sourceTree = "<group>";
		};
		3D4373F82A5294FE00C1B2A4 /* Wohhup2023 */ = {
			isa = PBXGroup;
			children = (
				3D4373F92A5294FE00C1B2A4 /* AppDelegate.swift */,
				3D4373FB2A5294FE00C1B2A4 /* SceneDelegate.swift */,
				3D371E8F2A52B3B1006D7851 /* HomeViewController.swift */,
				3D4373FD2A5294FE00C1B2A4 /* ViewController.swift */,
				3D371E8D2A52AE2E006D7851 /* ViewController2.swift */,
				3D4373FF2A5294FE00C1B2A4 /* Main.storyboard */,
				3D4374022A5294FE00C1B2A4 /* Assets.xcassets */,
				3D4374042A5294FE00C1B2A4 /* LaunchScreen.storyboard */,
				3D4374072A5294FE00C1B2A4 /* Info.plist */,
			);
			path = Wohhup2023;
			sourceTree = "<group>";
		};
		3D43740F2A5294FE00C1B2A4 /* Wohhup2023Tests */ = {
			isa = PBXGroup;
			children = (
				3D4374102A5294FE00C1B2A4 /* Wohhup2023Tests.swift */,
			);
			path = Wohhup2023Tests;
			sourceTree = "<group>";
		};
		3D4374192A5294FE00C1B2A4 /* Wohhup2023UITests */ = {
			isa = PBXGroup;
			children = (
				3D43741A2A5294FE00C1B2A4 /* Wohhup2023UITests.swift */,
				3D43741C2A5294FE00C1B2A4 /* Wohhup2023UITestsLaunchTests.swift */,
			);
			path = Wohhup2023UITests;
			sourceTree = "<group>";
		};
/* End PBXGroup section */

/* Begin PBXNativeTarget section */
		3D4373F52A5294FE00C1B2A4 /* Wohhup2023 */ = {
			isa = PBXNativeTarget;
			buildConfigurationList = 3D4374202A5294FE00C1B2A4 /* Build configuration list for PBXNativeTarget "Wohhup2023" */;
			buildPhases = (
				3D4373F22A5294FE00C1B2A4 /* Sources */,
				3D4373F32A5294FE00C1B2A4 /* Frameworks */,
				3D4373F42A5294FE00C1B2A4 /* Resources */,
			);
			buildRules = (
			);
			dependencies = (
			);
			name = Wohhup2023;
			productName = Wohhup2023;
			productReference = 3D4373F62A5294FE00C1B2A4 /* Wohhup2023.app */;
			productType = "com.apple.product-type.application";
		};
		3D43740B2A5294FE00C1B2A4 /* Wohhup2023Tests */ = {
			isa = PBXNativeTarget;
			buildConfigurationList = 3D4374232A5294FE00C1B2A4 /* Build configuration list for PBXNativeTarget "Wohhup2023Tests" */;
			buildPhases = (
				3D4374082A5294FE00C1B2A4 /* Sources */,
				3D4374092A5294FE00C1B2A4 /* Frameworks */,
				3D43740A2A5294FE00C1B2A4 /* Resources */,
			);
			buildRules = (
			);
			dependencies = (
				3D43740E2A5294FE00C1B2A4 /* PBXTargetDependency */,
			);
			name = Wohhup2023Tests;
			productName = Wohhup2023Tests;
			productReference = 3D43740C2A5294FE00C1B2A4 /* Wohhup2023Tests.xctest */;
			productType = "com.apple.product-type.bundle.unit-test";
		};
		3D4374152A5294FE00C1B2A4 /* Wohhup2023UITests */ = {
			isa = PBXNativeTarget;
			buildConfigurationList = 3D4374262A5294FE00C1B2A4 /* Build configuration list for PBXNativeTarget "Wohhup2023UITests" */;
			buildPhases = (
				3D4374122A5294FE00C1B2A4 /* Sources */,
				3D4374132A5294FE00C1B2A4 /* Frameworks */,
				3D4374142A5294FE00C1B2A4 /* Resources */,
			);
			buildRules = (
			);
			dependencies = (
				3D4374182A5294FE00C1B2A4 /* PBXTargetDependency */,
			);
			name = Wohhup2023UITests;
			productName = Wohhup2023UITests;
			productReference = 3D4374162A5294FE00C1B2A4 /* Wohhup2023UITests.xctest */;
			productType = "com.apple.product-type.bundle.ui-testing";
		};
/* End PBXNativeTarget section */

/* Begin PBXProject section */
		3D4373EE2A5294FE00C1B2A4 /* Project object */ = {
			isa = PBXProject;
			attributes = {
				BuildIndependentTargetsInParallel = 1;
				LastSwiftUpdateCheck = 1340;
				LastUpgradeCheck = 1340;
				TargetAttributes = {
					3D4373F52A5294FE00C1B2A4 = {
						CreatedOnToolsVersion = 13.4.1;
					};
					3D43740B2A5294FE00C1B2A4 = {
						CreatedOnToolsVersion = 13.4.1;
						TestTargetID = 3D4373F52A5294FE00C1B2A4;
					};
					3D4374152A5294FE00C1B2A4 = {
						CreatedOnToolsVersion = 13.4.1;
						TestTargetID = 3D4373F52A5294FE00C1B2A4;
					};
				};
			};
			buildConfigurationList = 3D4373F12A5294FE00C1B2A4 /* Build configuration list for PBXProject "Wohhup2023" */;
			compatibilityVersion = "Xcode 13.0";
			developmentRegion = en;
			hasScannedForEncodings = 0;
			knownRegions = (
				en,
				Base,
			);
			mainGroup = 3D4373ED2A5294FE00C1B2A4;
			productRefGroup = 3D4373F72A5294FE00C1B2A4 /* Products */;
			projectDirPath = "";
			projectRoot = "";
			targets = (
				3D4373F52A5294FE00C1B2A4 /* Wohhup2023 */,
				3D43740B2A5294FE00C1B2A4 /* Wohhup2023Tests */,
				3D4374152A5294FE00C1B2A4 /* Wohhup2023UITests */,
			);
		};
/* End PBXProject section */

/* Begin PBXResourcesBuildPhase section */
		3D4373F42A5294FE00C1B2A4 /* Resources */ = {
			isa = PBXResourcesBuildPhase;
			buildActionMask = 2147483647;
			files = (
				3D4374062A5294FE00C1B2A4 /* LaunchScreen.storyboard in Resources */,
				3D4374032A5294FE00C1B2A4 /* Assets.xcassets in Resources */,
				3D4374012A5294FE00C1B2A4 /* Main.storyboard in Resources */,
			);
			runOnlyForDeploymentPostprocessing = 0;
		};
		3D43740A2A5294FE00C1B2A4 /* Resources */ = {
			isa = PBXResourcesBuildPhase;
			buildActionMask = 2147483647;
			files = (
			);
			runOnlyForDeploymentPostprocessing = 0;
		};
		3D4374142A5294FE00C1B2A4 /* Resources */ = {
			isa = PBXResourcesBuildPhase;
			buildActionMask = 2147483647;
			files = (
			);
			runOnlyForDeploymentPostprocessing = 0;
		};
/* End PBXResourcesBuildPhase section */

/* Begin PBXSourcesBuildPhase section */
		3D4373F22A5294FE00C1B2A4 /* Sources */ = {
			isa = PBXSourcesBuildPhase;
			buildActionMask = 2147483647;
			files = (
				3D371E902A52B3B1006D7851 /* HomeViewController.swift in Sources */,
				3D4373FE2A5294FE00C1B2A4 /* ViewController.swift in Sources */,
				3D371E8E2A52AE2E006D7851 /* ViewController2.swift in Sources */,
				3D4373FA2A5294FE00C1B2A4 /* AppDelegate.swift in Sources */,
				3D4373FC2A5294FE00C1B2A4 /* SceneDelegate.swift in Sources */,
			);
			runOnlyForDeploymentPostprocessing = 0;
		};
		3D4374082A5294FE00C1B2A4 /* Sources */ = {
			isa = PBXSourcesBuildPhase;
			buildActionMask = 2147483647;
			files = (
				3D4374112A5294FE00C1B2A4 /* Wohhup2023Tests.swift in Sources */,
			);
			runOnlyForDeploymentPostprocessing = 0;
		};
		3D4374122A5294FE00C1B2A4 /* Sources */ = {
			isa = PBXSourcesBuildPhase;
			buildActionMask = 2147483647;
			files = (
				3D43741D2A5294FE00C1B2A4 /* Wohhup2023UITestsLaunchTests.swift in Sources */,
				3D43741B2A5294FE00C1B2A4 /* Wohhup2023UITests.swift in Sources */,
			);
			runOnlyForDeploymentPostprocessing = 0;
		};
/* End PBXSourcesBuildPhase section */

/* Begin PBXTargetDependency section */
		3D43740E2A5294FE00C1B2A4 /* PBXTargetDependency */ = {
			isa = PBXTargetDependency;
			target = 3D4373F52A5294FE00C1B2A4 /* Wohhup2023 */;
			targetProxy = 3D43740D2A5294FE00C1B2A4 /* PBXContainerItemProxy */;
		};
		3D4374182A5294FE00C1B2A4 /* PBXTargetDependency */ = {
			isa = PBXTargetDependency;
			target = 3D4373F52A5294FE00C1B2A4 /* Wohhup2023 */;
			targetProxy = 3D4374172A5294FE00C1B2A4 /* PBXContainerItemProxy */;
		};
/* End PBXTargetDependency section */

/* Begin PBXVariantGroup section */
		3D4373FF2A5294FE00C1B2A4 /* Main.storyboard */ = {
			isa = PBXVariantGroup;
			children = (
				3D4374002A5294FE00C1B2A4 /* Base */,
			);
			name = Main.storyboard;
			sourceTree = "<group>";
		};
		3D4374042A5294FE00C1B2A4 /* LaunchScreen.storyboard */ = {
			isa = PBXVariantGroup;
			children = (
				3D4374052A5294FE00C1B2A4 /* Base */,
			);
			name = LaunchScreen.storyboard;
			sourceTree = "<group>";
		};
/* End PBXVariantGroup section */

/* Begin XCBuildConfiguration section */
		3D43741E2A5294FE00C1B2A4 /* Debug */ = {
			isa = XCBuildConfiguration;
			buildSettings = {
				ALWAYS_SEARCH_USER_PATHS = NO;
				CLANG_ANALYZER_NONNULL = YES;
				CLANG_ANALYZER_NUMBER_OBJECT_CONVERSION = YES_AGGRESSIVE;
				CLANG_CXX_LANGUAGE_STANDARD = "gnu++17";
				CLANG_ENABLE_MODULES = YES;
				CLANG_ENABLE_OBJC_ARC = YES;
				CLANG_ENABLE_OBJC_WEAK = YES;
				CLANG_WARN_BLOCK_CAPTURE_AUTORELEASING = YES;
				CLANG_WARN_BOOL_CONVERSION = YES;
				CLANG_WARN_COMMA = YES;
				CLANG_WARN_CONSTANT_CONVERSION = YES;
				CLANG_WARN_DEPRECATED_OBJC_IMPLEMENTATIONS = YES;
				CLANG_WARN_DIRECT_OBJC_ISA_USAGE = YES_ERROR;
				CLANG_WARN_DOCUMENTATION_COMMENTS = YES;
				CLANG_WARN_EMPTY_BODY = YES;
				CLANG_WARN_ENUM_CONVERSION = YES;
				CLANG_WARN_INFINITE_RECURSION = YES;
				CLANG_WARN_INT_CONVERSION = YES;
				CLANG_WARN_NON_LITERAL_NULL_CONVERSION = YES;
				CLANG_WARN_OBJC_IMPLICIT_RETAIN_SELF = YES;
				CLANG_WARN_OBJC_LITERAL_CONVERSION = YES;
				CLANG_WARN_OBJC_ROOT_CLASS = YES_ERROR;
				CLANG_WARN_QUOTED_INCLUDE_IN_FRAMEWORK_HEADER = YES;
				CLANG_WARN_RANGE_LOOP_ANALYSIS = YES;
				CLANG_WARN_STRICT_PROTOTYPES = YES;
				CLANG_WARN_SUSPICIOUS_MOVE = YES;
				CLANG_WARN_UNGUARDED_AVAILABILITY = YES_AGGRESSIVE;
				CLANG_WARN_UNREACHABLE_CODE = YES;
				CLANG_WARN__DUPLICATE_METHOD_MATCH = YES;
				COPY_PHASE_STRIP = NO;
				DEBUG_INFORMATION_FORMAT = dwarf;
				ENABLE_STRICT_OBJC_MSGSEND = YES;
				ENABLE_TESTABILITY = YES;
				GCC_C_LANGUAGE_STANDARD = gnu11;
				GCC_DYNAMIC_NO_PIC = NO;
				GCC_NO_COMMON_BLOCKS = YES;
				GCC_OPTIMIZATION_LEVEL = 0;
				GCC_PREPROCESSOR_DEFINITIONS = (
					"DEBUG=1",
					"$(inherited)",
				);
				GCC_WARN_64_TO_32_BIT_CONVERSION = YES;
				GCC_WARN_ABOUT_RETURN_TYPE = YES_ERROR;
				GCC_WARN_UNDECLARED_SELECTOR = YES;
				GCC_WARN_UNINITIALIZED_AUTOS = YES_AGGRESSIVE;
				GCC_WARN_UNUSED_FUNCTION = YES;
				GCC_WARN_UNUSED_VARIABLE = YES;
				IPHONEOS_DEPLOYMENT_TARGET = 15.5;
				MTL_ENABLE_DEBUG_INFO = INCLUDE_SOURCE;
				MTL_FAST_MATH = YES;
				ONLY_ACTIVE_ARCH = YES;
				SDKROOT = iphoneos;
				SWIFT_ACTIVE_COMPILATION_CONDITIONS = DEBUG;
				SWIFT_OPTIMIZATION_LEVEL = "-Onone";
			};
			name = Debug;
		};
		3D43741F2A5294FE00C1B2A4 /* Release */ = {
			isa = XCBuildConfiguration;
			buildSettings = {
				ALWAYS_SEARCH_USER_PATHS = NO;
				CLANG_ANALYZER_NONNULL = YES;
				CLANG_ANALYZER_NUMBER_OBJECT_CONVERSION = YES_AGGRESSIVE;
				CLANG_CXX_LANGUAGE_STANDARD = "gnu++17";
				CLANG_ENABLE_MODULES = YES;
				CLANG_ENABLE_OBJC_ARC = YES;
				CLANG_ENABLE_OBJC_WEAK = YES;
				CLANG_WARN_BLOCK_CAPTURE_AUTORELEASING = YES;
				CLANG_WARN_BOOL_CONVERSION = YES;
				CLANG_WARN_COMMA = YES;
				CLANG_WARN_CONSTANT_CONVERSION = YES;
				CLANG_WARN_DEPRECATED_OBJC_IMPLEMENTATIONS = YES;
				CLANG_WARN_DIRECT_OBJC_ISA_USAGE = YES_ERROR;
				CLANG_WARN_DOCUMENTATION_COMMENTS = YES;
				CLANG_WARN_EMPTY_BODY = YES;
				CLANG_WARN_ENUM_CONVERSION = YES;
				CLANG_WARN_INFINITE_RECURSION = YES;
				CLANG_WARN_INT_CONVERSION = YES;
				CLANG_WARN_NON_LITERAL_NULL_CONVERSION = YES;
				CLANG_WARN_OBJC_IMPLICIT_RETAIN_SELF = YES;
				CLANG_WARN_OBJC_LITERAL_CONVERSION = YES;
				CLANG_WARN_OBJC_ROOT_CLASS = YES_ERROR;
				CLANG_WARN_QUOTED_INCLUDE_IN_FRAMEWORK_HEADER = YES;
				CLANG_WARN_RANGE_LOOP_ANALYSIS = YES;
				CLANG_WARN_STRICT_PROTOTYPES = YES;
				CLANG_WARN_SUSPICIOUS_MOVE = YES;
				CLANG_WARN_UNGUARDED_AVAILABILITY = YES_AGGRESSIVE;
				CLANG_WARN_UNREACHABLE_CODE = YES;
				CLANG_WARN__DUPLICATE_METHOD_MATCH = YES;
				COPY_PHASE_STRIP = NO;
				DEBUG_INFORMATION_FORMAT = "dwarf-with-dsym";
				ENABLE_NS_ASSERTIONS = NO;
				ENABLE_STRICT_OBJC_MSGSEND = YES;
				GCC_C_LANGUAGE_STANDARD = gnu11;
				GCC_NO_COMMON_BLOCKS = YES;
				GCC_WARN_64_TO_32_BIT_CONVERSION = YES;
				GCC_WARN_ABOUT_RETURN_TYPE = YES_ERROR;
				GCC_WARN_UNDECLARED_SELECTOR = YES;
				GCC_WARN_UNINITIALIZED_AUTOS = YES_AGGRESSIVE;
				GCC_WARN_UNUSED_FUNCTION = YES;
				GCC_WARN_UNUSED_VARIABLE = YES;
				IPHONEOS_DEPLOYMENT_TARGET = 15.5;
				MTL_ENABLE_DEBUG_INFO = NO;
				MTL_FAST_MATH = YES;
				SDKROOT = iphoneos;
				SWIFT_COMPILATION_MODE = wholemodule;
				SWIFT_OPTIMIZATION_LEVEL = "-O";
				VALIDATE_PRODUCT = YES;
			};
			name = Release;
		};
		3D4374212A5294FE00C1B2A4 /* Debug */ = {
			isa = XCBuildConfiguration;
			buildSettings = {
				ASSETCATALOG_COMPILER_APPICON_NAME = AppIcon;
				ASSETCATALOG_COMPILER_GLOBAL_ACCENT_COLOR_NAME = AccentColor;
				CODE_SIGN_STYLE = Automatic;
				CURRENT_PROJECT_VERSION = 1;
				DEVELOPMENT_TEAM = 63GMZQULDC;
				GENERATE_INFOPLIST_FILE = YES;
				INFOPLIST_FILE = Wohhup2023/Info.plist;
				INFOPLIST_KEY_UIApplicationSupportsIndirectInputEvents = YES;
				INFOPLIST_KEY_UILaunchStoryboardName = LaunchScreen;
				INFOPLIST_KEY_UIMainStoryboardFile = Main;
				INFOPLIST_KEY_UISupportedInterfaceOrientations_iPad = "UIInterfaceOrientationPortrait UIInterfaceOrientationPortraitUpsideDown UIInterfaceOrientationLandscapeLeft UIInterfaceOrientationLandscapeRight";
				INFOPLIST_KEY_UISupportedInterfaceOrientations_iPhone = "UIInterfaceOrientationPortrait UIInterfaceOrientationLandscapeLeft UIInterfaceOrientationLandscapeRight";
				LD_RUNPATH_SEARCH_PATHS = (
					"$(inherited)",
					"@executable_path/Frameworks",
				);
				MARKETING_VERSION = 1.0;
				PRODUCT_BUNDLE_IDENTIFIER = WilliamKendrick.Wohhup2023;
				PRODUCT_NAME = "$(TARGET_NAME)";
				SWIFT_EMIT_LOC_STRINGS = YES;
				SWIFT_VERSION = 5.0;
				TARGETED_DEVICE_FAMILY = "1,2";
			};
			name = Debug;
		};
		3D4374222A5294FE00C1B2A4 /* Release */ = {
			isa = XCBuildConfiguration;
			buildSettings = {
				ASSETCATALOG_COMPILER_APPICON_NAME = AppIcon;
				ASSETCATALOG_COMPILER_GLOBAL_ACCENT_COLOR_NAME = AccentColor;
				CODE_SIGN_STYLE = Automatic;
				CURRENT_PROJECT_VERSION = 1;
				DEVELOPMENT_TEAM = 63GMZQULDC;
				GENERATE_INFOPLIST_FILE = YES;
				INFOPLIST_FILE = Wohhup2023/Info.plist;
				INFOPLIST_KEY_UIApplicationSupportsIndirectInputEvents = YES;
				INFOPLIST_KEY_UILaunchStoryboardName = LaunchScreen;
				INFOPLIST_KEY_UIMainStoryboardFile = Main;
				INFOPLIST_KEY_UISupportedInterfaceOrientations_iPad = "UIInterfaceOrientationPortrait UIInterfaceOrientationPortraitUpsideDown UIInterfaceOrientationLandscapeLeft UIInterfaceOrientationLandscapeRight";
				INFOPLIST_KEY_UISupportedInterfaceOrientations_iPhone = "UIInterfaceOrientationPortrait UIInterfaceOrientationLandscapeLeft UIInterfaceOrientationLandscapeRight";
				LD_RUNPATH_SEARCH_PATHS = (
					"$(inherited)",
					"@executable_path/Frameworks",
				);
				MARKETING_VERSION = 1.0;
				PRODUCT_BUNDLE_IDENTIFIER = WilliamKendrick.Wohhup2023;
				PRODUCT_NAME = "$(TARGET_NAME)";
				SWIFT_EMIT_LOC_STRINGS = YES;
				SWIFT_VERSION = 5.0;
				TARGETED_DEVICE_FAMILY = "1,2";
			};
			name = Release;
		};
		3D4374242A5294FE00C1B2A4 /* Debug */ = {
			isa = XCBuildConfiguration;
			buildSettings = {
				ALWAYS_EMBED_SWIFT_STANDARD_LIBRARIES = YES;
				BUNDLE_LOADER = "$(TEST_HOST)";
				CODE_SIGN_STYLE = Automatic;
				CURRENT_PROJECT_VERSION = 1;
				DEVELOPMENT_TEAM = 63GMZQULDC;
				GENERATE_INFOPLIST_FILE = YES;
				IPHONEOS_DEPLOYMENT_TARGET = 15.5;
				MARKETING_VERSION = 1.0;
				PRODUCT_BUNDLE_IDENTIFIER = WilliamKendrick.Wohhup2023Tests;
				PRODUCT_NAME = "$(TARGET_NAME)";
				SWIFT_EMIT_LOC_STRINGS = NO;
				SWIFT_VERSION = 5.0;
				TARGETED_DEVICE_FAMILY = "1,2";
				TEST_HOST = "$(BUILT_PRODUCTS_DIR)/Wohhup2023.app/Wohhup2023";
			};
			name = Debug;
		};
		3D4374252A5294FE00C1B2A4 /* Release */ = {
			isa = XCBuildConfiguration;
			buildSettings = {
				ALWAYS_EMBED_SWIFT_STANDARD_LIBRARIES = YES;
				BUNDLE_LOADER = "$(TEST_HOST)";
				CODE_SIGN_STYLE = Automatic;
				CURRENT_PROJECT_VERSION = 1;
				DEVELOPMENT_TEAM = 63GMZQULDC;
				GENERATE_INFOPLIST_FILE = YES;
				IPHONEOS_DEPLOYMENT_TARGET = 15.5;
				MARKETING_VERSION = 1.0;
				PRODUCT_BUNDLE_IDENTIFIER = WilliamKendrick.Wohhup2023Tests;
				PRODUCT_NAME = "$(TARGET_NAME)";
				SWIFT_EMIT_LOC_STRINGS = NO;
				SWIFT_VERSION = 5.0;
				TARGETED_DEVICE_FAMILY = "1,2";
				TEST_HOST = "$(BUILT_PRODUCTS_DIR)/Wohhup2023.app/Wohhup2023";
			};
			name = Release;
		};
		3D4374272A5294FE00C1B2A4 /* Debug */ = {
			isa = XCBuildConfiguration;
			buildSettings = {
				ALWAYS_EMBED_SWIFT_STANDARD_LIBRARIES = YES;
				CODE_SIGN_STYLE = Automatic;
				CURRENT_PROJECT_VERSION = 1;
				DEVELOPMENT_TEAM = 63GMZQULDC;
				GENERATE_INFOPLIST_FILE = YES;
				MARKETING_VERSION = 1.0;
				PRODUCT_BUNDLE_IDENTIFIER = WilliamKendrick.Wohhup2023UITests;
				PRODUCT_NAME = "$(TARGET_NAME)";
				SWIFT_EMIT_LOC_STRINGS = NO;
				SWIFT_VERSION = 5.0;
				TARGETED_DEVICE_FAMILY = "1,2";
				TEST_TARGET_NAME = Wohhup2023;
			};
			name = Debug;
		};
		3D4374282A5294FE00C1B2A4 /* Release */ = {
			isa = XCBuildConfiguration;
			buildSettings = {
				ALWAYS_EMBED_SWIFT_STANDARD_LIBRARIES = YES;
				CODE_SIGN_STYLE = Automatic;
				CURRENT_PROJECT_VERSION = 1;
				DEVELOPMENT_TEAM = 63GMZQULDC;
				GENERATE_INFOPLIST_FILE = YES;
				MARKETING_VERSION = 1.0;
				PRODUCT_BUNDLE_IDENTIFIER = WilliamKendrick.Wohhup2023UITests;
				PRODUCT_NAME = "$(TARGET_NAME)";
				SWIFT_EMIT_LOC_STRINGS = NO;
				SWIFT_VERSION = 5.0;
				TARGETED_DEVICE_FAMILY = "1,2";
				TEST_TARGET_NAME = Wohhup2023;
			};
			name = Release;
		};
/* End XCBuildConfiguration section */

/* Begin XCConfigurationList section */
		3D4373F12A5294FE00C1B2A4 /* Build configuration list for PBXProject "Wohhup2023" */ = {
			isa = XCConfigurationList;
			buildConfigurations = (
				3D43741E2A5294FE00C1B2A4 /* Debug */,
				3D43741F2A5294FE00C1B2A4 /* Release */,
			);
			defaultConfigurationIsVisible = 0;
			defaultConfigurationName = Release;
		};
		3D4374202A5294FE00C1B2A4 /* Build configuration list for PBXNativeTarget "Wohhup2023" */ = {
			isa = XCConfigurationList;
			buildConfigurations = (
				3D4374212A5294FE00C1B2A4 /* Debug */,
				3D4374222A5294FE00C1B2A4 /* Release */,
			);
			defaultConfigurationIsVisible = 0;
			defaultConfigurationName = Release;
		};
		3D4374232A5294FE00C1B2A4 /* Build configuration list for PBXNativeTarget "Wohhup2023Tests" */ = {
			isa = XCConfigurationList;
			buildConfigurations = (
				3D4374242A5294FE00C1B2A4 /* Debug */,
				3D4374252A5294FE00C1B2A4 /* Release */,
			);
			defaultConfigurationIsVisible = 0;
			defaultConfigurationName = Release;
		};
		3D4374262A5294FE00C1B2A4 /* Build configuration list for PBXNativeTarget "Wohhup2023UITests" */ = {
			isa = XCConfigurationList;
			buildConfigurations = (
				3D4374272A5294FE00C1B2A4 /* Debug */,
				3D4374282A5294FE00C1B2A4 /* Release */,
			);
			defaultConfigurationIsVisible = 0;
			defaultConfigurationName = Release;
		};
/* End XCConfigurationList section */
	};
	rootObject = 3D4373EE2A5294FE00C1B2A4 /* Project object */;
}
